
Microsoft Visual Studio Solution File, Format Version 12.00
# Visual Studio 2013
VisualStudioVersion = 12.0.31101.0
MinimumVisualStudioVersion = 10.0.40219.1
Project("{FAE04EC0-301F-11D3-BF4B-00C04F79EFBC}") = "NbpClient", "NbpClient\NbpClient.csproj", "{B3795563-59F6-453A-8E93-E300696AF49D}"
EndProject
Project("{FAE04EC0-301F-11D3-BF4B-00C04F79EFBC}") = "NbpClient.Tests", "NbpClient.Tests\NbpClient.Tests.csproj", "{876DC191-1288-43A2-AA27-4F1AB8DAC896}"
EndProject
Project("{FAE04EC0-301F-11D3-BF4B-00C04F79EFBC}") = "NbpClient.Autofac", "NbpClient.Autofac\NbpClient.Autofac.csproj", "{DED77186-9174-4330-8A9B-31BB18055021}"
EndProject
Project("{FAE04EC0-301F-11D3-BF4B-00C04F79EFBC}") = "NbpClient.Ninject", "NbpClient.Ninject\NbpClient.Ninject.csproj", "{69FFB7F0-E8F8-45DE-B9EB-90CEC3BA7B5A}"
EndProject
Global
	GlobalSection(SolutionConfigurationPlatforms) = preSolution
		Debug|Any CPU = Debug|Any CPU
		Release|Any CPU = Release|Any CPU
	EndGlobalSection
	GlobalSection(ProjectConfigurationPlatforms) = postSolution
		{B3795563-59F6-453A-8E93-E300696AF49D}.Debug|Any CPU.ActiveCfg = Debug|Any CPU
		{B3795563-59F6-453A-8E93-E300696AF49D}.Debug|Any CPU.Build.0 = Debug|Any CPU
		{B3795563-59F6-453A-8E93-E300696AF49D}.Release|Any CPU.ActiveCfg = Release|Any CPU
		{B3795563-59F6-453A-8E93-E300696AF49D}.Release|Any CPU.Build.0 = Release|Any CPU
		{876DC191-1288-43A2-AA27-4F1AB8DAC896}.Debug|Any CPU.ActiveCfg = Debug|Any CPU
		{876DC191-1288-43A2-AA27-4F1AB8DAC896}.Debug|Any CPU.Build.0 = Debug|Any CPU
		{876DC191-1288-43A2-AA27-4F1AB8DAC896}.Release|Any CPU.ActiveCfg = Release|Any CPU
		{876DC191-1288-43A2-AA27-4F1AB8DAC896}.Release|Any CPU.Build.0 = Release|Any CPU
		{DED77186-9174-4330-8A9B-31BB18055021}.Debug|Any CPU.ActiveCfg = Debug|Any CPU
		{DED77186-9174-4330-8A9B-31BB18055021}.Debug|Any CPU.Build.0 = Debug|Any CPU
		{DED77186-9174-4330-8A9B-31BB18055021}.Release|Any CPU.ActiveCfg = Release|Any CPU
		{DED77186-9174-4330-8A9B-31BB18055021}.Release|Any CPU.Build.0 = Release|Any CPU
		{69FFB7F0-E8F8-45DE-B9EB-90CEC3BA7B5A}.Debug|Any CPU.ActiveCfg = Debug|Any CPU
		{69FFB7F0-E8F8-45DE-B9EB-90CEC3BA7B5A}.Debug|Any CPU.Build.0 = Debug|Any CPU
		{69FFB7F0-E8F8-45DE-B9EB-90CEC3BA7B5A}.Release|Any CPU.ActiveCfg = Release|Any CPU
		{69FFB7F0-E8F8-45DE-B9EB-90CEC3BA7B5A}.Release|Any CPU.Build.0 = Release|Any CPU
	EndGlobalSection
	GlobalSection(SolutionProperties) = preSolution
		HideSolutionNode = FALSE
	EndGlobalSection
EndGlobal
